// !$*UTF8*$!
{
	archiveVersion = 1;
	classes = {
	};
	objectVersion = 55;
	objects = {

/* Begin PBXBuildFile section */
		00E9F5D434AA2CEE9CB00F59 /* Pods_UBRateMyProfTests.framework in Frameworks */ = {isa = PBXBuildFile; fileRef = C13CD2BB2066EE4B84C546B9 /* Pods_UBRateMyProfTests.framework */; };
		0213FA2E27FE464C00A578F9 /* AppDelegate.swift in Sources */ = {isa = PBXBuildFile; fileRef = 0213FA2D27FE464C00A578F9 /* AppDelegate.swift */; };
		0213FA3027FE464C00A578F9 /* SceneDelegate.swift in Sources */ = {isa = PBXBuildFile; fileRef = 0213FA2F27FE464C00A578F9 /* SceneDelegate.swift */; };
		0213FA3527FE464C00A578F9 /* Main.storyboard in Resources */ = {isa = PBXBuildFile; fileRef = 0213FA3327FE464C00A578F9 /* Main.storyboard */; };
		0213FA3727FE465100A578F9 /* Assets.xcassets in Resources */ = {isa = PBXBuildFile; fileRef = 0213FA3627FE465100A578F9 /* Assets.xcassets */; };
		0213FA3A27FE465100A578F9 /* LaunchScreen.storyboard in Resources */ = {isa = PBXBuildFile; fileRef = 0213FA3827FE465100A578F9 /* LaunchScreen.storyboard */; };
		0213FA4527FE465100A578F9 /* UBRateMyProfTests.swift in Sources */ = {isa = PBXBuildFile; fileRef = 0213FA4427FE465100A578F9 /* UBRateMyProfTests.swift */; };
		0213FA4F27FE465100A578F9 /* UBRateMyProfUITests.swift in Sources */ = {isa = PBXBuildFile; fileRef = 0213FA4E27FE465100A578F9 /* UBRateMyProfUITests.swift */; };
		0213FA5127FE465100A578F9 /* UBRateMyProfUITestsLaunchTests.swift in Sources */ = {isa = PBXBuildFile; fileRef = 0213FA5027FE465100A578F9 /* UBRateMyProfUITestsLaunchTests.swift */; };
		024819FC2807775200231214 /* Professor.swift in Sources */ = {isa = PBXBuildFile; fileRef = 024819FB2807775200231214 /* Professor.swift */; };
		024819FE2807783700231214 /* Rating.swift in Sources */ = {isa = PBXBuildFile; fileRef = 024819FD2807783700231214 /* Rating.swift */; };
		2320A353FBD033CF5E7469ED /* Pods_UBRateMyProf_UBRateMyProfUITests.framework in Frameworks */ = {isa = PBXBuildFile; fileRef = D7047D50CB8CB6F344E674AF /* Pods_UBRateMyProf_UBRateMyProfUITests.framework */; };
		D2B1DE142819FD6B00A9E91A /* ReviewViewController.swift in Sources */ = {isa = PBXBuildFile; fileRef = D2B1DE132819FD6B00A9E91A /* ReviewViewController.swift */; };
		D2BE563F2821F8AA00ADB6D0 /* ScreensViewController.swift in Sources */ = {isa = PBXBuildFile; fileRef = D2BE563E2821F8AA00ADB6D0 /* ScreensViewController.swift */; };
		D2BE56412822053700ADB6D0 /* HeaderTableViewCell.swift in Sources */ = {isa = PBXBuildFile; fileRef = D2BE56402822053700ADB6D0 /* HeaderTableViewCell.swift */; };
		D2BE56432822055600ADB6D0 /* NameTableViewCell.swift in Sources */ = {isa = PBXBuildFile; fileRef = D2BE56422822055600ADB6D0 /* NameTableViewCell.swift */; };
		E4C90B94C72FC8107C072C40 /* Pods_UBRateMyProf.framework in Frameworks */ = {isa = PBXBuildFile; fileRef = C1A62994746136BFFACB500B /* Pods_UBRateMyProf.framework */; };
		E61091FF280640A300034630 /* ProfessorViewController.swift in Sources */ = {isa = PBXBuildFile; fileRef = E61091FE280640A300034630 /* ProfessorViewController.swift */; };
		E6109201280643C100034630 /* ReviewCell.swift in Sources */ = {isa = PBXBuildFile; fileRef = E6109200280643C100034630 /* ReviewCell.swift */; };
/* End PBXBuildFile section */

/* Begin PBXContainerItemProxy section */
		0213FA4127FE465100A578F9 /* PBXContainerItemProxy */ = {
			isa = PBXContainerItemProxy;
			containerPortal = 0213FA2227FE464C00A578F9 /* Project object */;
			proxyType = 1;
			remoteGlobalIDString = 0213FA2927FE464C00A578F9;
			remoteInfo = UBRateMyProf;
		};
		0213FA4B27FE465100A578F9 /* PBXContainerItemProxy */ = {
			isa = PBXContainerItemProxy;
			containerPortal = 0213FA2227FE464C00A578F9 /* Project object */;
			proxyType = 1;
			remoteGlobalIDString = 0213FA2927FE464C00A578F9;
			remoteInfo = UBRateMyProf;
		};
/* End PBXContainerItemProxy section */

/* Begin PBXFileReference section */
		0213FA2A27FE464C00A578F9 /* UBRateMyProf.app */ = {isa = PBXFileReference; explicitFileType = wrapper.application; includeInIndex = 0; path = UBRateMyProf.app; sourceTree = BUILT_PRODUCTS_DIR; };
		0213FA2D27FE464C00A578F9 /* AppDelegate.swift */ = {isa = PBXFileReference; lastKnownFileType = sourcecode.swift; path = AppDelegate.swift; sourceTree = "<group>"; };
		0213FA2F27FE464C00A578F9 /* SceneDelegate.swift */ = {isa = PBXFileReference; lastKnownFileType = sourcecode.swift; path = SceneDelegate.swift; sourceTree = "<group>"; };
		0213FA3427FE464C00A578F9 /* Base */ = {isa = PBXFileReference; lastKnownFileType = file.storyboard; name = Base; path = Base.lproj/Main.storyboard; sourceTree = "<group>"; };
		0213FA3627FE465100A578F9 /* Assets.xcassets */ = {isa = PBXFileReference; lastKnownFileType = folder.assetcatalog; path = Assets.xcassets; sourceTree = "<group>"; };
		0213FA3927FE465100A578F9 /* Base */ = {isa = PBXFileReference; lastKnownFileType = file.storyboard; name = Base; path = Base.lproj/LaunchScreen.storyboard; sourceTree = "<group>"; };
		0213FA3B27FE465100A578F9 /* Info.plist */ = {isa = PBXFileReference; lastKnownFileType = text.plist.xml; path = Info.plist; sourceTree = "<group>"; };
		0213FA4027FE465100A578F9 /* UBRateMyProfTests.xctest */ = {isa = PBXFileReference; explicitFileType = wrapper.cfbundle; includeInIndex = 0; path = UBRateMyProfTests.xctest; sourceTree = BUILT_PRODUCTS_DIR; };
		0213FA4427FE465100A578F9 /* UBRateMyProfTests.swift */ = {isa = PBXFileReference; lastKnownFileType = sourcecode.swift; path = UBRateMyProfTests.swift; sourceTree = "<group>"; };
		0213FA4A27FE465100A578F9 /* UBRateMyProfUITests.xctest */ = {isa = PBXFileReference; explicitFileType = wrapper.cfbundle; includeInIndex = 0; path = UBRateMyProfUITests.xctest; sourceTree = BUILT_PRODUCTS_DIR; };
		0213FA4E27FE465100A578F9 /* UBRateMyProfUITests.swift */ = {isa = PBXFileReference; lastKnownFileType = sourcecode.swift; path = UBRateMyProfUITests.swift; sourceTree = "<group>"; };
		0213FA5027FE465100A578F9 /* UBRateMyProfUITestsLaunchTests.swift */ = {isa = PBXFileReference; lastKnownFileType = sourcecode.swift; path = UBRateMyProfUITestsLaunchTests.swift; sourceTree = "<group>"; };
		024819FB2807775200231214 /* Professor.swift */ = {isa = PBXFileReference; lastKnownFileType = sourcecode.swift; path = Professor.swift; sourceTree = "<group>"; };
		024819FD2807783700231214 /* Rating.swift */ = {isa = PBXFileReference; lastKnownFileType = sourcecode.swift; path = Rating.swift; sourceTree = "<group>"; };
		3D35F0FC5181C4F483FD5F9C /* Pods-UBRateMyProf-UBRateMyProfUITests.release.xcconfig */ = {isa = PBXFileReference; includeInIndex = 1; lastKnownFileType = text.xcconfig; name = "Pods-UBRateMyProf-UBRateMyProfUITests.release.xcconfig"; path = "Target Support Files/Pods-UBRateMyProf-UBRateMyProfUITests/Pods-UBRateMyProf-UBRateMyProfUITests.release.xcconfig"; sourceTree = "<group>"; };
		4D426A4D8210B8A92A15BE1D /* Pods-UBRateMyProf.debug.xcconfig */ = {isa = PBXFileReference; includeInIndex = 1; lastKnownFileType = text.xcconfig; name = "Pods-UBRateMyProf.debug.xcconfig"; path = "Target Support Files/Pods-UBRateMyProf/Pods-UBRateMyProf.debug.xcconfig"; sourceTree = "<group>"; };
		5ACD38B82EFBE1A50A6B712D /* Pods-UBRateMyProfTests.debug.xcconfig */ = {isa = PBXFileReference; includeInIndex = 1; lastKnownFileType = text.xcconfig; name = "Pods-UBRateMyProfTests.debug.xcconfig"; path = "Target Support Files/Pods-UBRateMyProfTests/Pods-UBRateMyProfTests.debug.xcconfig"; sourceTree = "<group>"; };
		6DAE6D998C0EAE4BF0B6C85C /* Pods-UBRateMyProf-UBRateMyProfUITests.debug.xcconfig */ = {isa = PBXFileReference; includeInIndex = 1; lastKnownFileType = text.xcconfig; name = "Pods-UBRateMyProf-UBRateMyProfUITests.debug.xcconfig"; path = "Target Support Files/Pods-UBRateMyProf-UBRateMyProfUITests/Pods-UBRateMyProf-UBRateMyProfUITests.debug.xcconfig"; sourceTree = "<group>"; };
		C13CD2BB2066EE4B84C546B9 /* Pods_UBRateMyProfTests.framework */ = {isa = PBXFileReference; explicitFileType = wrapper.framework; includeInIndex = 0; path = Pods_UBRateMyProfTests.framework; sourceTree = BUILT_PRODUCTS_DIR; };
		C1A62994746136BFFACB500B /* Pods_UBRateMyProf.framework */ = {isa = PBXFileReference; explicitFileType = wrapper.framework; includeInIndex = 0; path = Pods_UBRateMyProf.framework; sourceTree = BUILT_PRODUCTS_DIR; };
		D2B1DE132819FD6B00A9E91A /* ReviewViewController.swift */ = {isa = PBXFileReference; lastKnownFileType = sourcecode.swift; path = ReviewViewController.swift; sourceTree = "<group>"; };
		D2BE563E2821F8AA00ADB6D0 /* ScreensViewController.swift */ = {isa = PBXFileReference; lastKnownFileType = sourcecode.swift; path = ScreensViewController.swift; sourceTree = "<group>"; };
		D2BE56402822053700ADB6D0 /* HeaderTableViewCell.swift */ = {isa = PBXFileReference; lastKnownFileType = sourcecode.swift; path = HeaderTableViewCell.swift; sourceTree = "<group>"; };
		D2BE56422822055600ADB6D0 /* NameTableViewCell.swift */ = {isa = PBXFileReference; lastKnownFileType = sourcecode.swift; path = NameTableViewCell.swift; sourceTree = "<group>"; };
		D7047D50CB8CB6F344E674AF /* Pods_UBRateMyProf_UBRateMyProfUITests.framework */ = {isa = PBXFileReference; explicitFileType = wrapper.framework; includeInIndex = 0; path = Pods_UBRateMyProf_UBRateMyProfUITests.framework; sourceTree = BUILT_PRODUCTS_DIR; };
		E61091FE280640A300034630 /* ProfessorViewController.swift */ = {isa = PBXFileReference; lastKnownFileType = sourcecode.swift; path = ProfessorViewController.swift; sourceTree = "<group>"; };
		E6109200280643C100034630 /* ReviewCell.swift */ = {isa = PBXFileReference; lastKnownFileType = sourcecode.swift; path = ReviewCell.swift; sourceTree = "<group>"; };
		EBC76CAC36150422A6146235 /* Pods-UBRateMyProf.release.xcconfig */ = {isa = PBXFileReference; includeInIndex = 1; lastKnownFileType = text.xcconfig; name = "Pods-UBRateMyProf.release.xcconfig"; path = "Target Support Files/Pods-UBRateMyProf/Pods-UBRateMyProf.release.xcconfig"; sourceTree = "<group>"; };
		F8E004C129A4327A6613F18C /* Pods-UBRateMyProfTests.release.xcconfig */ = {isa = PBXFileReference; includeInIndex = 1; lastKnownFileType = text.xcconfig; name = "Pods-UBRateMyProfTests.release.xcconfig"; path = "Target Support Files/Pods-UBRateMyProfTests/Pods-UBRateMyProfTests.release.xcconfig"; sourceTree = "<group>"; };
/* End PBXFileReference section */

/* Begin PBXFrameworksBuildPhase section */
		0213FA2727FE464C00A578F9 /* Frameworks */ = {
			isa = PBXFrameworksBuildPhase;
			buildActionMask = 2147483647;
			files = (
				E4C90B94C72FC8107C072C40 /* Pods_UBRateMyProf.framework in Frameworks */,
			);
			runOnlyForDeploymentPostprocessing = 0;
		};
		0213FA3D27FE465100A578F9 /* Frameworks */ = {
			isa = PBXFrameworksBuildPhase;
			buildActionMask = 2147483647;
			files = (
				00E9F5D434AA2CEE9CB00F59 /* Pods_UBRateMyProfTests.framework in Frameworks */,
			);
			runOnlyForDeploymentPostprocessing = 0;
		};
		0213FA4727FE465100A578F9 /* Frameworks */ = {
			isa = PBXFrameworksBuildPhase;
			buildActionMask = 2147483647;
			files = (
				2320A353FBD033CF5E7469ED /* Pods_UBRateMyProf_UBRateMyProfUITests.framework in Frameworks */,
			);
			runOnlyForDeploymentPostprocessing = 0;
		};
/* End PBXFrameworksBuildPhase section */

/* Begin PBXGroup section */
		0213FA2127FE464C00A578F9 = {
			isa = PBXGroup;
			children = (
				0213FA2C27FE464C00A578F9 /* UBRateMyProf */,
				0213FA4327FE465100A578F9 /* UBRateMyProfTests */,
				0213FA4D27FE465100A578F9 /* UBRateMyProfUITests */,
				0213FA2B27FE464C00A578F9 /* Products */,
				775DAA60B768DCC4F8B7242C /* Pods */,
				5E560E0E556379CA1012F19F /* Frameworks */,
			);
			sourceTree = "<group>";
		};
		0213FA2B27FE464C00A578F9 /* Products */ = {
			isa = PBXGroup;
			children = (
				0213FA2A27FE464C00A578F9 /* UBRateMyProf.app */,
				0213FA4027FE465100A578F9 /* UBRateMyProfTests.xctest */,
				0213FA4A27FE465100A578F9 /* UBRateMyProfUITests.xctest */,
			);
			name = Products;
			sourceTree = "<group>";
		};
		0213FA2C27FE464C00A578F9 /* UBRateMyProf */ = {
			isa = PBXGroup;
			children = (
				024819FA2807770700231214 /* Models */,
				0213FA2D27FE464C00A578F9 /* AppDelegate.swift */,
				0213FA2F27FE464C00A578F9 /* SceneDelegate.swift */,
				0213FA3327FE464C00A578F9 /* Main.storyboard */,
				0213FA3627FE465100A578F9 /* Assets.xcassets */,
				0213FA3827FE465100A578F9 /* LaunchScreen.storyboard */,
				0213FA3B27FE465100A578F9 /* Info.plist */,
				E61091FE280640A300034630 /* ProfessorViewController.swift */,
				E6109200280643C100034630 /* ReviewCell.swift */,
				D2B1DE132819FD6B00A9E91A /* ReviewViewController.swift */,
				D2BE563E2821F8AA00ADB6D0 /* ScreensViewController.swift */,
				D2BE56402822053700ADB6D0 /* HeaderTableViewCell.swift */,
				D2BE56422822055600ADB6D0 /* NameTableViewCell.swift */,
			);
			path = UBRateMyProf;
			sourceTree = "<group>";
		};
		0213FA4327FE465100A578F9 /* UBRateMyProfTests */ = {
			isa = PBXGroup;
			children = (
				0213FA4427FE465100A578F9 /* UBRateMyProfTests.swift */,
			);
			path = UBRateMyProfTests;
			sourceTree = "<group>";
		};
		0213FA4D27FE465100A578F9 /* UBRateMyProfUITests */ = {
			isa = PBXGroup;
			children = (
				0213FA4E27FE465100A578F9 /* UBRateMyProfUITests.swift */,
				0213FA5027FE465100A578F9 /* UBRateMyProfUITestsLaunchTests.swift */,
			);
			path = UBRateMyProfUITests;
			sourceTree = "<group>";
		};
		024819FA2807770700231214 /* Models */ = {
			isa = PBXGroup;
			children = (
				024819FB2807775200231214 /* Professor.swift */,
				024819FD2807783700231214 /* Rating.swift */,
			);
			path = Models;
			sourceTree = "<group>";
		};
		5E560E0E556379CA1012F19F /* Frameworks */ = {
			isa = PBXGroup;
			children = (
				C1A62994746136BFFACB500B /* Pods_UBRateMyProf.framework */,
				D7047D50CB8CB6F344E674AF /* Pods_UBRateMyProf_UBRateMyProfUITests.framework */,
				C13CD2BB2066EE4B84C546B9 /* Pods_UBRateMyProfTests.framework */,
			);
			name = Frameworks;
			sourceTree = "<group>";
		};
		775DAA60B768DCC4F8B7242C /* Pods */ = {
			isa = PBXGroup;
			children = (
				4D426A4D8210B8A92A15BE1D /* Pods-UBRateMyProf.debug.xcconfig */,
				EBC76CAC36150422A6146235 /* Pods-UBRateMyProf.release.xcconfig */,
				6DAE6D998C0EAE4BF0B6C85C /* Pods-UBRateMyProf-UBRateMyProfUITests.debug.xcconfig */,
				3D35F0FC5181C4F483FD5F9C /* Pods-UBRateMyProf-UBRateMyProfUITests.release.xcconfig */,
				5ACD38B82EFBE1A50A6B712D /* Pods-UBRateMyProfTests.debug.xcconfig */,
				F8E004C129A4327A6613F18C /* Pods-UBRateMyProfTests.release.xcconfig */,
			);
			path = Pods;
			sourceTree = "<group>";
		};
/* End PBXGroup section */

/* Begin PBXNativeTarget section */
		0213FA2927FE464C00A578F9 /* UBRateMyProf */ = {
			isa = PBXNativeTarget;
			buildConfigurationList = 0213FA5427FE465100A578F9 /* Build configuration list for PBXNativeTarget "UBRateMyProf" */;
			buildPhases = (
				D1D047D9F46BAAB9F6EC10CB /* [CP] Check Pods Manifest.lock */,
				0213FA2627FE464C00A578F9 /* Sources */,
				0213FA2727FE464C00A578F9 /* Frameworks */,
				0213FA2827FE464C00A578F9 /* Resources */,
				6A9BD849BDA6E6FB750D28F3 /* [CP] Embed Pods Frameworks */,
			);
			buildRules = (
			);
			dependencies = (
			);
			name = UBRateMyProf;
			productName = UBRateMyProf;
			productReference = 0213FA2A27FE464C00A578F9 /* UBRateMyProf.app */;
			productType = "com.apple.product-type.application";
		};
		0213FA3F27FE465100A578F9 /* UBRateMyProfTests */ = {
			isa = PBXNativeTarget;
			buildConfigurationList = 0213FA5727FE465100A578F9 /* Build configuration list for PBXNativeTarget "UBRateMyProfTests" */;
			buildPhases = (
				1B6B9028F6486CF8A42B590A /* [CP] Check Pods Manifest.lock */,
				0213FA3C27FE465100A578F9 /* Sources */,
				0213FA3D27FE465100A578F9 /* Frameworks */,
				0213FA3E27FE465100A578F9 /* Resources */,
			);
			buildRules = (
			);
			dependencies = (
				0213FA4227FE465100A578F9 /* PBXTargetDependency */,
			);
			name = UBRateMyProfTests;
			productName = UBRateMyProfTests;
			productReference = 0213FA4027FE465100A578F9 /* UBRateMyProfTests.xctest */;
			productType = "com.apple.product-type.bundle.unit-test";
		};
		0213FA4927FE465100A578F9 /* UBRateMyProfUITests */ = {
			isa = PBXNativeTarget;
			buildConfigurationList = 0213FA5A27FE465100A578F9 /* Build configuration list for PBXNativeTarget "UBRateMyProfUITests" */;
			buildPhases = (
				256F2307A33F8C1BB856084B /* [CP] Check Pods Manifest.lock */,
				0213FA4627FE465100A578F9 /* Sources */,
				0213FA4727FE465100A578F9 /* Frameworks */,
				0213FA4827FE465100A578F9 /* Resources */,
				A5468009FAAC95C9D47D8EAE /* [CP] Embed Pods Frameworks */,
			);
			buildRules = (
			);
			dependencies = (
				0213FA4C27FE465100A578F9 /* PBXTargetDependency */,
			);
			name = UBRateMyProfUITests;
			productName = UBRateMyProfUITests;
			productReference = 0213FA4A27FE465100A578F9 /* UBRateMyProfUITests.xctest */;
			productType = "com.apple.product-type.bundle.ui-testing";
		};
/* End PBXNativeTarget section */

/* Begin PBXProject section */
		0213FA2227FE464C00A578F9 /* Project object */ = {
			isa = PBXProject;
			attributes = {
				BuildIndependentTargetsInParallel = 1;
				LastSwiftUpdateCheck = 1330;
				LastUpgradeCheck = 1330;
				TargetAttributes = {
					0213FA2927FE464C00A578F9 = {
						CreatedOnToolsVersion = 13.3;
					};
					0213FA3F27FE465100A578F9 = {
						CreatedOnToolsVersion = 13.3;
						TestTargetID = 0213FA2927FE464C00A578F9;
					};
					0213FA4927FE465100A578F9 = {
						CreatedOnToolsVersion = 13.3;
						TestTargetID = 0213FA2927FE464C00A578F9;
					};
				};
			};
			buildConfigurationList = 0213FA2527FE464C00A578F9 /* Build configuration list for PBXProject "UBRateMyProf" */;
			compatibilityVersion = "Xcode 13.0";
			developmentRegion = en;
			hasScannedForEncodings = 0;
			knownRegions = (
				en,
				Base,
			);
			mainGroup = 0213FA2127FE464C00A578F9;
			productRefGroup = 0213FA2B27FE464C00A578F9 /* Products */;
			projectDirPath = "";
			projectRoot = "";
			targets = (
				0213FA2927FE464C00A578F9 /* UBRateMyProf */,
				0213FA3F27FE465100A578F9 /* UBRateMyProfTests */,
				0213FA4927FE465100A578F9 /* UBRateMyProfUITests */,
			);
		};
/* End PBXProject section */

/* Begin PBXResourcesBuildPhase section */
		0213FA2827FE464C00A578F9 /* Resources */ = {
			isa = PBXResourcesBuildPhase;
			buildActionMask = 2147483647;
			files = (
				0213FA3A27FE465100A578F9 /* LaunchScreen.storyboard in Resources */,
				0213FA3727FE465100A578F9 /* Assets.xcassets in Resources */,
				0213FA3527FE464C00A578F9 /* Main.storyboard in Resources */,
			);
			runOnlyForDeploymentPostprocessing = 0;
		};
		0213FA3E27FE465100A578F9 /* Resources */ = {
			isa = PBXResourcesBuildPhase;
			buildActionMask = 2147483647;
			files = (
			);
			runOnlyForDeploymentPostprocessing = 0;
		};
		0213FA4827FE465100A578F9 /* Resources */ = {
			isa = PBXResourcesBuildPhase;
			buildActionMask = 2147483647;
			files = (
			);
			runOnlyForDeploymentPostprocessing = 0;
		};
/* End PBXResourcesBuildPhase section */

/* Begin PBXShellScriptBuildPhase section */
		1B6B9028F6486CF8A42B590A /* [CP] Check Pods Manifest.lock */ = {
			isa = PBXShellScriptBuildPhase;
			buildActionMask = 2147483647;
			files = (
			);
			inputFileListPaths = (
			);
			inputPaths = (
				"${PODS_PODFILE_DIR_PATH}/Podfile.lock",
				"${PODS_ROOT}/Manifest.lock",
			);
			name = "[CP] Check Pods Manifest.lock";
			outputFileListPaths = (
			);
			outputPaths = (
				"$(DERIVED_FILE_DIR)/Pods-UBRateMyProfTests-checkManifestLockResult.txt",
			);
			runOnlyForDeploymentPostprocessing = 0;
			shellPath = /bin/sh;
			shellScript = "diff \"${PODS_PODFILE_DIR_PATH}/Podfile.lock\" \"${PODS_ROOT}/Manifest.lock\" > /dev/null\nif [ $? != 0 ] ; then\n    # print error to STDERR\n    echo \"error: The sandbox is not in sync with the Podfile.lock. Run 'pod install' or update your CocoaPods installation.\" >&2\n    exit 1\nfi\n# This output is used by Xcode 'outputs' to avoid re-running this script phase.\necho \"SUCCESS\" > \"${SCRIPT_OUTPUT_FILE_0}\"\n";
			showEnvVarsInLog = 0;
		};
		256F2307A33F8C1BB856084B /* [CP] Check Pods Manifest.lock */ = {
			isa = PBXShellScriptBuildPhase;
			buildActionMask = 2147483647;
			files = (
			);
			inputFileListPaths = (
			);
			inputPaths = (
				"${PODS_PODFILE_DIR_PATH}/Podfile.lock",
				"${PODS_ROOT}/Manifest.lock",
			);
			name = "[CP] Check Pods Manifest.lock";
			outputFileListPaths = (
			);
			outputPaths = (
				"$(DERIVED_FILE_DIR)/Pods-UBRateMyProf-UBRateMyProfUITests-checkManifestLockResult.txt",
			);
			runOnlyForDeploymentPostprocessing = 0;
			shellPath = /bin/sh;
			shellScript = "diff \"${PODS_PODFILE_DIR_PATH}/Podfile.lock\" \"${PODS_ROOT}/Manifest.lock\" > /dev/null\nif [ $? != 0 ] ; then\n    # print error to STDERR\n    echo \"error: The sandbox is not in sync with the Podfile.lock. Run 'pod install' or update your CocoaPods installation.\" >&2\n    exit 1\nfi\n# This output is used by Xcode 'outputs' to avoid re-running this script phase.\necho \"SUCCESS\" > \"${SCRIPT_OUTPUT_FILE_0}\"\n";
			showEnvVarsInLog = 0;
		};
		6A9BD849BDA6E6FB750D28F3 /* [CP] Embed Pods Frameworks */ = {
			isa = PBXShellScriptBuildPhase;
			buildActionMask = 2147483647;
			files = (
			);
			inputFileListPaths = (
				"${PODS_ROOT}/Target Support Files/Pods-UBRateMyProf/Pods-UBRateMyProf-frameworks-${CONFIGURATION}-input-files.xcfilelist",
			);
			name = "[CP] Embed Pods Frameworks";
			outputFileListPaths = (
				"${PODS_ROOT}/Target Support Files/Pods-UBRateMyProf/Pods-UBRateMyProf-frameworks-${CONFIGURATION}-output-files.xcfilelist",
			);
			runOnlyForDeploymentPostprocessing = 0;
			shellPath = /bin/sh;
			shellScript = "\"${PODS_ROOT}/Target Support Files/Pods-UBRateMyProf/Pods-UBRateMyProf-frameworks.sh\"\n";
			showEnvVarsInLog = 0;
		};
		A5468009FAAC95C9D47D8EAE /* [CP] Embed Pods Frameworks */ = {
			isa = PBXShellScriptBuildPhase;
			buildActionMask = 2147483647;
			files = (
			);
			inputFileListPaths = (
				"${PODS_ROOT}/Target Support Files/Pods-UBRateMyProf-UBRateMyProfUITests/Pods-UBRateMyProf-UBRateMyProfUITests-frameworks-${CONFIGURATION}-input-files.xcfilelist",
			);
			name = "[CP] Embed Pods Frameworks";
			outputFileListPaths = (
				"${PODS_ROOT}/Target Support Files/Pods-UBRateMyProf-UBRateMyProfUITests/Pods-UBRateMyProf-UBRateMyProfUITests-frameworks-${CONFIGURATION}-output-files.xcfilelist",
			);
			runOnlyForDeploymentPostprocessing = 0;
			shellPath = /bin/sh;
			shellScript = "\"${PODS_ROOT}/Target Support Files/Pods-UBRateMyProf-UBRateMyProfUITests/Pods-UBRateMyProf-UBRateMyProfUITests-frameworks.sh\"\n";
			showEnvVarsInLog = 0;
		};
		D1D047D9F46BAAB9F6EC10CB /* [CP] Check Pods Manifest.lock */ = {
			isa = PBXShellScriptBuildPhase;
			buildActionMask = 2147483647;
			files = (
			);
			inputFileListPaths = (
			);
			inputPaths = (
				"${PODS_PODFILE_DIR_PATH}/Podfile.lock",
				"${PODS_ROOT}/Manifest.lock",
			);
			name = "[CP] Check Pods Manifest.lock";
			outputFileListPaths = (
			);
			outputPaths = (
				"$(DERIVED_FILE_DIR)/Pods-UBRateMyProf-checkManifestLockResult.txt",
			);
			runOnlyForDeploymentPostprocessing = 0;
			shellPath = /bin/sh;
			shellScript = "diff \"${PODS_PODFILE_DIR_PATH}/Podfile.lock\" \"${PODS_ROOT}/Manifest.lock\" > /dev/null\nif [ $? != 0 ] ; then\n    # print error to STDERR\n    echo \"error: The sandbox is not in sync with the Podfile.lock. Run 'pod install' or update your CocoaPods installation.\" >&2\n    exit 1\nfi\n# This output is used by Xcode 'outputs' to avoid re-running this script phase.\necho \"SUCCESS\" > \"${SCRIPT_OUTPUT_FILE_0}\"\n";
			showEnvVarsInLog = 0;
		};
/* End PBXShellScriptBuildPhase section */

/* Begin PBXSourcesBuildPhase section */
		0213FA2627FE464C00A578F9 /* Sources */ = {
			isa = PBXSourcesBuildPhase;
			buildActionMask = 2147483647;
			files = (
				D2BE563F2821F8AA00ADB6D0 /* ScreensViewController.swift in Sources */,
				D2BE56412822053700ADB6D0 /* HeaderTableViewCell.swift in Sources */,
				024819FE2807783700231214 /* Rating.swift in Sources */,
				E6109201280643C100034630 /* ReviewCell.swift in Sources */,
				D2BE56432822055600ADB6D0 /* NameTableViewCell.swift in Sources */,
				D2B1DE142819FD6B00A9E91A /* ReviewViewController.swift in Sources */,
				0213FA2E27FE464C00A578F9 /* AppDelegate.swift in Sources */,
				024819FC2807775200231214 /* Professor.swift in Sources */,
				E61091FF280640A300034630 /* ProfessorViewController.swift in Sources */,
				0213FA3027FE464C00A578F9 /* SceneDelegate.swift in Sources */,
			);
			runOnlyForDeploymentPostprocessing = 0;
		};
		0213FA3C27FE465100A578F9 /* Sources */ = {
			isa = PBXSourcesBuildPhase;
			buildActionMask = 2147483647;
			files = (
				0213FA4527FE465100A578F9 /* UBRateMyProfTests.swift in Sources */,
			);
			runOnlyForDeploymentPostprocessing = 0;
		};
		0213FA4627FE465100A578F9 /* Sources */ = {
			isa = PBXSourcesBuildPhase;
			buildActionMask = 2147483647;
			files = (
				0213FA5127FE465100A578F9 /* UBRateMyProfUITestsLaunchTests.swift in Sources */,
				0213FA4F27FE465100A578F9 /* UBRateMyProfUITests.swift in Sources */,
			);
			runOnlyForDeploymentPostprocessing = 0;
		};
/* End PBXSourcesBuildPhase section */

/* Begin PBXTargetDependency section */
		0213FA4227FE465100A578F9 /* PBXTargetDependency */ = {
			isa = PBXTargetDependency;
			target = 0213FA2927FE464C00A578F9 /* UBRateMyProf */;
			targetProxy = 0213FA4127FE465100A578F9 /* PBXContainerItemProxy */;
		};
		0213FA4C27FE465100A578F9 /* PBXTargetDependency */ = {
			isa = PBXTargetDependency;
			target = 0213FA2927FE464C00A578F9 /* UBRateMyProf */;
			targetProxy = 0213FA4B27FE465100A578F9 /* PBXContainerItemProxy */;
		};
/* End PBXTargetDependency section */

/* Begin PBXVariantGroup section */
		0213FA3327FE464C00A578F9 /* Main.storyboard */ = {
			isa = PBXVariantGroup;
			children = (
				0213FA3427FE464C00A578F9 /* Base */,
			);
			name = Main.storyboard;
			sourceTree = "<group>";
		};
		0213FA3827FE465100A578F9 /* LaunchScreen.storyboard */ = {
			isa = PBXVariantGroup;
			children = (
				0213FA3927FE465100A578F9 /* Base */,
			);
			name = LaunchScreen.storyboard;
			sourceTree = "<group>";
		};
/* End PBXVariantGroup section */

/* Begin XCBuildConfiguration section */
		0213FA5227FE465100A578F9 /* Debug */ = {
			isa = XCBuildConfiguration;
			buildSettings = {
				ALWAYS_SEARCH_USER_PATHS = NO;
				CLANG_ANALYZER_NONNULL = YES;
				CLANG_ANALYZER_NUMBER_OBJECT_CONVERSION = YES_AGGRESSIVE;
				CLANG_CXX_LANGUAGE_STANDARD = "gnu++17";
				CLANG_ENABLE_MODULES = YES;
				CLANG_ENABLE_OBJC_ARC = YES;
				CLANG_ENABLE_OBJC_WEAK = YES;
				CLANG_WARN_BLOCK_CAPTURE_AUTORELEASING = YES;
				CLANG_WARN_BOOL_CONVERSION = YES;
				CLANG_WARN_COMMA = YES;
				CLANG_WARN_CONSTANT_CONVERSION = YES;
				CLANG_WARN_DEPRECATED_OBJC_IMPLEMENTATIONS = YES;
				CLANG_WARN_DIRECT_OBJC_ISA_USAGE = YES_ERROR;
				CLANG_WARN_DOCUMENTATION_COMMENTS = YES;
				CLANG_WARN_EMPTY_BODY = YES;
				CLANG_WARN_ENUM_CONVERSION = YES;
				CLANG_WARN_INFINITE_RECURSION = YES;
				CLANG_WARN_INT_CONVERSION = YES;
				CLANG_WARN_NON_LITERAL_NULL_CONVERSION = YES;
				CLANG_WARN_OBJC_IMPLICIT_RETAIN_SELF = YES;
				CLANG_WARN_OBJC_LITERAL_CONVERSION = YES;
				CLANG_WARN_OBJC_ROOT_CLASS = YES_ERROR;
				CLANG_WARN_QUOTED_INCLUDE_IN_FRAMEWORK_HEADER = YES;
				CLANG_WARN_RANGE_LOOP_ANALYSIS = YES;
				CLANG_WARN_STRICT_PROTOTYPES = YES;
				CLANG_WARN_SUSPICIOUS_MOVE = YES;
				CLANG_WARN_UNGUARDED_AVAILABILITY = YES_AGGRESSIVE;
				CLANG_WARN_UNREACHABLE_CODE = YES;
				CLANG_WARN__DUPLICATE_METHOD_MATCH = YES;
				COPY_PHASE_STRIP = NO;
				DEBUG_INFORMATION_FORMAT = dwarf;
				ENABLE_STRICT_OBJC_MSGSEND = YES;
				ENABLE_TESTABILITY = YES;
				GCC_C_LANGUAGE_STANDARD = gnu11;
				GCC_DYNAMIC_NO_PIC = NO;
				GCC_NO_COMMON_BLOCKS = YES;
				GCC_OPTIMIZATION_LEVEL = 0;
				GCC_PREPROCESSOR_DEFINITIONS = (
					"DEBUG=1",
					"$(inherited)",
				);
				GCC_WARN_64_TO_32_BIT_CONVERSION = YES;
				GCC_WARN_ABOUT_RETURN_TYPE = YES_ERROR;
				GCC_WARN_UNDECLARED_SELECTOR = YES;
				GCC_WARN_UNINITIALIZED_AUTOS = YES_AGGRESSIVE;
				GCC_WARN_UNUSED_FUNCTION = YES;
				GCC_WARN_UNUSED_VARIABLE = YES;
				IPHONEOS_DEPLOYMENT_TARGET = 15.4;
				MTL_ENABLE_DEBUG_INFO = INCLUDE_SOURCE;
				MTL_FAST_MATH = YES;
				ONLY_ACTIVE_ARCH = YES;
				SDKROOT = iphoneos;
				SWIFT_ACTIVE_COMPILATION_CONDITIONS = DEBUG;
				SWIFT_OPTIMIZATION_LEVEL = "-Onone";
			};
			name = Debug;
		};
		0213FA5327FE465100A578F9 /* Release */ = {
			isa = XCBuildConfiguration;
			buildSettings = {
				ALWAYS_SEARCH_USER_PATHS = NO;
				CLANG_ANALYZER_NONNULL = YES;
				CLANG_ANALYZER_NUMBER_OBJECT_CONVERSION = YES_AGGRESSIVE;
				CLANG_CXX_LANGUAGE_STANDARD = "gnu++17";
				CLANG_ENABLE_MODULES = YES;
				CLANG_ENABLE_OBJC_ARC = YES;
				CLANG_ENABLE_OBJC_WEAK = YES;
				CLANG_WARN_BLOCK_CAPTURE_AUTORELEASING = YES;
				CLANG_WARN_BOOL_CONVERSION = YES;
				CLANG_WARN_COMMA = YES;
				CLANG_WARN_CONSTANT_CONVERSION = YES;
				CLANG_WARN_DEPRECATED_OBJC_IMPLEMENTATIONS = YES;
				CLANG_WARN_DIRECT_OBJC_ISA_USAGE = YES_ERROR;
				CLANG_WARN_DOCUMENTATION_COMMENTS = YES;
				CLANG_WARN_EMPTY_BODY = YES;
				CLANG_WARN_ENUM_CONVERSION = YES;
				CLANG_WARN_INFINITE_RECURSION = YES;
				CLANG_WARN_INT_CONVERSION = YES;
				CLANG_WARN_NON_LITERAL_NULL_CONVERSION = YES;
				CLANG_WARN_OBJC_IMPLICIT_RETAIN_SELF = YES;
				CLANG_WARN_OBJC_LITERAL_CONVERSION = YES;
				CLANG_WARN_OBJC_ROOT_CLASS = YES_ERROR;
				CLANG_WARN_QUOTED_INCLUDE_IN_FRAMEWORK_HEADER = YES;
				CLANG_WARN_RANGE_LOOP_ANALYSIS = YES;
				CLANG_WARN_STRICT_PROTOTYPES = YES;
				CLANG_WARN_SUSPICIOUS_MOVE = YES;
				CLANG_WARN_UNGUARDED_AVAILABILITY = YES_AGGRESSIVE;
				CLANG_WARN_UNREACHABLE_CODE = YES;
				CLANG_WARN__DUPLICATE_METHOD_MATCH = YES;
				COPY_PHASE_STRIP = NO;
				DEBUG_INFORMATION_FORMAT = "dwarf-with-dsym";
				ENABLE_NS_ASSERTIONS = NO;
				ENABLE_STRICT_OBJC_MSGSEND = YES;
				GCC_C_LANGUAGE_STANDARD = gnu11;
				GCC_NO_COMMON_BLOCKS = YES;
				GCC_WARN_64_TO_32_BIT_CONVERSION = YES;
				GCC_WARN_ABOUT_RETURN_TYPE = YES_ERROR;
				GCC_WARN_UNDECLARED_SELECTOR = YES;
				GCC_WARN_UNINITIALIZED_AUTOS = YES_AGGRESSIVE;
				GCC_WARN_UNUSED_FUNCTION = YES;
				GCC_WARN_UNUSED_VARIABLE = YES;
				IPHONEOS_DEPLOYMENT_TARGET = 15.4;
				MTL_ENABLE_DEBUG_INFO = NO;
				MTL_FAST_MATH = YES;
				SDKROOT = iphoneos;
				SWIFT_COMPILATION_MODE = wholemodule;
				SWIFT_OPTIMIZATION_LEVEL = "-O";
				VALIDATE_PRODUCT = YES;
			};
			name = Release;
		};
		0213FA5527FE465100A578F9 /* Debug */ = {
			isa = XCBuildConfiguration;
			baseConfigurationReference = 4D426A4D8210B8A92A15BE1D /* Pods-UBRateMyProf.debug.xcconfig */;
			buildSettings = {
				ASSETCATALOG_COMPILER_APPICON_NAME = AppIcon;
				ASSETCATALOG_COMPILER_GLOBAL_ACCENT_COLOR_NAME = AccentColor;
				CODE_SIGN_STYLE = Automatic;
				CURRENT_PROJECT_VERSION = 1;
				DEVELOPMENT_TEAM = W2PD9X8NL9;
				GENERATE_INFOPLIST_FILE = YES;
				INFOPLIST_FILE = UBRateMyProf/Info.plist;
				INFOPLIST_KEY_UIApplicationSupportsIndirectInputEvents = YES;
				INFOPLIST_KEY_UILaunchStoryboardName = LaunchScreen;
				INFOPLIST_KEY_UIMainStoryboardFile = Main;
				INFOPLIST_KEY_UISupportedInterfaceOrientations_iPad = "UIInterfaceOrientationPortrait UIInterfaceOrientationPortraitUpsideDown UIInterfaceOrientationLandscapeLeft UIInterfaceOrientationLandscapeRight";
				INFOPLIST_KEY_UISupportedInterfaceOrientations_iPhone = "UIInterfaceOrientationPortrait UIInterfaceOrientationLandscapeLeft UIInterfaceOrientationLandscapeRight";
				LD_RUNPATH_SEARCH_PATHS = (
					"$(inherited)",
					"@executable_path/Frameworks",
				);
				MARKETING_VERSION = 1.0;
				PRODUCT_BUNDLE_IDENTIFIER = com.UBRMP.UBRateMyProf;
				PRODUCT_NAME = "$(TARGET_NAME)";
				SWIFT_EMIT_LOC_STRINGS = YES;
				SWIFT_VERSION = 5.0;
				TARGETED_DEVICE_FAMILY = "1,2";
			};
			name = Debug;
		};
		0213FA5627FE465100A578F9 /* Release */ = {
			isa = XCBuildConfiguration;
			baseConfigurationReference = EBC76CAC36150422A6146235 /* Pods-UBRateMyProf.release.xcconfig */;
			buildSettings = {
				ASSETCATALOG_COMPILER_APPICON_NAME = AppIcon;
				ASSETCATALOG_COMPILER_GLOBAL_ACCENT_COLOR_NAME = AccentColor;
				CODE_SIGN_STYLE = Automatic;
				CURRENT_PROJECT_VERSION = 1;
				DEVELOPMENT_TEAM = W2PD9X8NL9;
				GENERATE_INFOPLIST_FILE = YES;
				INFOPLIST_FILE = UBRateMyProf/Info.plist;
				INFOPLIST_KEY_UIApplicationSupportsIndirectInputEvents = YES;
				INFOPLIST_KEY_UILaunchStoryboardName = LaunchScreen;
				INFOPLIST_KEY_UIMainStoryboardFile = Main;
				INFOPLIST_KEY_UISupportedInterfaceOrientations_iPad = "UIInterfaceOrientationPortrait UIInterfaceOrientationPortraitUpsideDown UIInterfaceOrientationLandscapeLeft UIInterfaceOrientationLandscapeRight";
				INFOPLIST_KEY_UISupportedInterfaceOrientations_iPhone = "UIInterfaceOrientationPortrait UIInterfaceOrientationLandscapeLeft UIInterfaceOrientationLandscapeRight";
				LD_RUNPATH_SEARCH_PATHS = (
					"$(inherited)",
					"@executable_path/Frameworks",
				);
				MARKETING_VERSION = 1.0;
				PRODUCT_BUNDLE_IDENTIFIER = com.UBRMP.UBRateMyProf;
				PRODUCT_NAME = "$(TARGET_NAME)";
				SWIFT_EMIT_LOC_STRINGS = YES;
				SWIFT_VERSION = 5.0;
				TARGETED_DEVICE_FAMILY = "1,2";
			};
			name = Release;
		};
		0213FA5827FE465100A578F9 /* Debug */ = {
			isa = XCBuildConfiguration;
			baseConfigurationReference = 5ACD38B82EFBE1A50A6B712D /* Pods-UBRateMyProfTests.debug.xcconfig */;
			buildSettings = {
				ALWAYS_EMBED_SWIFT_STANDARD_LIBRARIES = YES;
				BUNDLE_LOADER = "$(TEST_HOST)";
				CODE_SIGN_STYLE = Automatic;
				CURRENT_PROJECT_VERSION = 1;
				DEVELOPMENT_TEAM = 4RJ9J9N4CJ;
				GENERATE_INFOPLIST_FILE = YES;
				IPHONEOS_DEPLOYMENT_TARGET = 15.4;
				MARKETING_VERSION = 1.0;
				PRODUCT_BUNDLE_IDENTIFIER = com.UBRMP.UBRateMyProfTests;
				PRODUCT_NAME = "$(TARGET_NAME)";
				SWIFT_EMIT_LOC_STRINGS = NO;
				SWIFT_VERSION = 5.0;
				TARGETED_DEVICE_FAMILY = "1,2";
				TEST_HOST = "$(BUILT_PRODUCTS_DIR)/UBRateMyProf.app/UBRateMyProf";
			};
			name = Debug;
		};
		0213FA5927FE465100A578F9 /* Release */ = {
			isa = XCBuildConfiguration;
			baseConfigurationReference = F8E004C129A4327A6613F18C /* Pods-UBRateMyProfTests.release.xcconfig */;
			buildSettings = {
				ALWAYS_EMBED_SWIFT_STANDARD_LIBRARIES = YES;
				BUNDLE_LOADER = "$(TEST_HOST)";
				CODE_SIGN_STYLE = Automatic;
				CURRENT_PROJECT_VERSION = 1;
				DEVELOPMENT_TEAM = 4RJ9J9N4CJ;
				GENERATE_INFOPLIST_FILE = YES;
				IPHONEOS_DEPLOYMENT_TARGET = 15.4;
				MARKETING_VERSION = 1.0;
				PRODUCT_BUNDLE_IDENTIFIER = com.UBRMP.UBRateMyProfTests;
				PRODUCT_NAME = "$(TARGET_NAME)";
				SWIFT_EMIT_LOC_STRINGS = NO;
				SWIFT_VERSION = 5.0;
				TARGETED_DEVICE_FAMILY = "1,2";
				TEST_HOST = "$(BUILT_PRODUCTS_DIR)/UBRateMyProf.app/UBRateMyProf";
			};
			name = Release;
		};
		0213FA5B27FE465100A578F9 /* Debug */ = {
			isa = XCBuildConfiguration;
			baseConfigurationReference = 6DAE6D998C0EAE4BF0B6C85C /* Pods-UBRateMyProf-UBRateMyProfUITests.debug.xcconfig */;
			buildSettings = {
				ALWAYS_EMBED_SWIFT_STANDARD_LIBRARIES = YES;
				CODE_SIGN_STYLE = Automatic;
				CURRENT_PROJECT_VERSION = 1;
				DEVELOPMENT_TEAM = 4RJ9J9N4CJ;
				GENERATE_INFOPLIST_FILE = YES;
				MARKETING_VERSION = 1.0;
				PRODUCT_BUNDLE_IDENTIFIER = com.UBRMP.UBRateMyProfUITests;
				PRODUCT_NAME = "$(TARGET_NAME)";
				SWIFT_EMIT_LOC_STRINGS = NO;
				SWIFT_VERSION = 5.0;
				TARGETED_DEVICE_FAMILY = "1,2";
				TEST_TARGET_NAME = UBRateMyProf;
			};
			name = Debug;
		};
		0213FA5C27FE465100A578F9 /* Release */ = {
			isa = XCBuildConfiguration;
			baseConfigurationReference = 3D35F0FC5181C4F483FD5F9C /* Pods-UBRateMyProf-UBRateMyProfUITests.release.xcconfig */;
			buildSettings = {
				ALWAYS_EMBED_SWIFT_STANDARD_LIBRARIES = YES;
				CODE_SIGN_STYLE = Automatic;
				CURRENT_PROJECT_VERSION = 1;
				DEVELOPMENT_TEAM = 4RJ9J9N4CJ;
				GENERATE_INFOPLIST_FILE = YES;
				MARKETING_VERSION = 1.0;
				PRODUCT_BUNDLE_IDENTIFIER = com.UBRMP.UBRateMyProfUITests;
				PRODUCT_NAME = "$(TARGET_NAME)";
				SWIFT_EMIT_LOC_STRINGS = NO;
				SWIFT_VERSION = 5.0;
				TARGETED_DEVICE_FAMILY = "1,2";
				TEST_TARGET_NAME = UBRateMyProf;
			};
			name = Release;
		};
/* End XCBuildConfiguration section */

/* Begin XCConfigurationList section */
		0213FA2527FE464C00A578F9 /* Build configuration list for PBXProject "UBRateMyProf" */ = {
			isa = XCConfigurationList;
			buildConfigurations = (
				0213FA5227FE465100A578F9 /* Debug */,
				0213FA5327FE465100A578F9 /* Release */,
			);
			defaultConfigurationIsVisible = 0;
			defaultConfigurationName = Release;
		};
		0213FA5427FE465100A578F9 /* Build configuration list for PBXNativeTarget "UBRateMyProf" */ = {
			isa = XCConfigurationList;
			buildConfigurations = (
				0213FA5527FE465100A578F9 /* Debug */,
				0213FA5627FE465100A578F9 /* Release */,
			);
			defaultConfigurationIsVisible = 0;
			defaultConfigurationName = Release;
		};
		0213FA5727FE465100A578F9 /* Build configuration list for PBXNativeTarget "UBRateMyProfTests" */ = {
			isa = XCConfigurationList;
			buildConfigurations = (
				0213FA5827FE465100A578F9 /* Debug */,
				0213FA5927FE465100A578F9 /* Release */,
			);
			defaultConfigurationIsVisible = 0;
			defaultConfigurationName = Release;
		};
		0213FA5A27FE465100A578F9 /* Build configuration list for PBXNativeTarget "UBRateMyProfUITests" */ = {
			isa = XCConfigurationList;
			buildConfigurations = (
				0213FA5B27FE465100A578F9 /* Debug */,
				0213FA5C27FE465100A578F9 /* Release */,
			);
			defaultConfigurationIsVisible = 0;
			defaultConfigurationName = Release;
		};
/* End XCConfigurationList section */
	};
	rootObject = 0213FA2227FE464C00A578F9 /* Project object */;
}
